// !$*UTF8*$!
{
	archiveVersion = 1;
	classes = {
	};
	objectVersion = 46;
	objects = {

/* Begin PBXBuildFile section */
		6010D42B13E7DDF700851B9C /* icon.png in Resources */ = {isa = PBXBuildFile; fileRef = 6010D42913E7DDF700851B9C /* icon.png */; };
		6010D42C13E7DDF700851B9C /* icon@2x.png in Resources */ = {isa = PBXBuildFile; fileRef = 6010D42A13E7DDF700851B9C /* icon@2x.png */; };
		601B22A813C22443006DCE6A /* Default.png in Resources */ = {isa = PBXBuildFile; fileRef = 601B22A713C22443006DCE6A /* Default.png */; };
		6025B2BF13D80A470056A335 /* CoordinateSystem.m in Sources */ = {isa = PBXBuildFile; fileRef = 6025B2BE13D80A470056A335 /* CoordinateSystem.m */; };
		6029CDC713C193D40040B79B /* UIKit.framework in Frameworks */ = {isa = PBXBuildFile; fileRef = 6029CDC613C193D40040B79B /* UIKit.framework */; };
		6029CDC913C193D40040B79B /* Foundation.framework in Frameworks */ = {isa = PBXBuildFile; fileRef = 6029CDC813C193D40040B79B /* Foundation.framework */; };
		6029CDCB13C193D40040B79B /* CoreGraphics.framework in Frameworks */ = {isa = PBXBuildFile; fileRef = 6029CDCA13C193D40040B79B /* CoreGraphics.framework */; };
		6029CDD113C193D40040B79B /* InfoPlist.strings in Resources */ = {isa = PBXBuildFile; fileRef = 6029CDCF13C193D40040B79B /* InfoPlist.strings */; };
		6029CDD313C193D40040B79B /* main.m in Sources */ = {isa = PBXBuildFile; fileRef = 6029CDD213C193D40040B79B /* main.m */; };
		6029CDD713C193D50040B79B /* GlucoseMeterAppDelegate.m in Sources */ = {isa = PBXBuildFile; fileRef = 6029CDD613C193D50040B79B /* GlucoseMeterAppDelegate.m */; };
		6029CDDA13C193D50040B79B /* MainWindow.xib in Resources */ = {isa = PBXBuildFile; fileRef = 6029CDD813C193D50040B79B /* MainWindow.xib */; };
		6029FF0013E27DE3004C7F2C /* Step_Button.png in Resources */ = {isa = PBXBuildFile; fileRef = 6029FEFE13E27DE3004C7F2C /* Step_Button.png */; };
		6029FF0113E27DE3004C7F2C /* Step_Button@2X.png in Resources */ = {isa = PBXBuildFile; fileRef = 6029FEFF13E27DE3004C7F2C /* Step_Button@2X.png */; };
		6029FF0813E3CE4B004C7F2C /* Default@2X.png in Resources */ = {isa = PBXBuildFile; fileRef = 6029FF0713E3CE4B004C7F2C /* Default@2X.png */; };
		6029FF0B13E3D8FF004C7F2C /* Settings_ContactCell.png in Resources */ = {isa = PBXBuildFile; fileRef = 6029FF0913E3D8FF004C7F2C /* Settings_ContactCell.png */; };
		6029FF0C13E3D8FF004C7F2C /* Settings_ContactCell@2X.png in Resources */ = {isa = PBXBuildFile; fileRef = 6029FF0A13E3D8FF004C7F2C /* Settings_ContactCell@2X.png */; };
		6029FF1513E3E01C004C7F2C /* Setting_Email1.png in Resources */ = {isa = PBXBuildFile; fileRef = 6029FF1113E3E01C004C7F2C /* Setting_Email1.png */; };
		6029FF1613E3E01C004C7F2C /* Setting_Email1@2X.png in Resources */ = {isa = PBXBuildFile; fileRef = 6029FF1213E3E01C004C7F2C /* Setting_Email1@2X.png */; };
		6029FF1713E3E01C004C7F2C /* Setting_phone1.png in Resources */ = {isa = PBXBuildFile; fileRef = 6029FF1313E3E01C004C7F2C /* Setting_phone1.png */; };
		6029FF1813E3E01D004C7F2C /* Setting_phone1@2X.png in Resources */ = {isa = PBXBuildFile; fileRef = 6029FF1413E3E01C004C7F2C /* Setting_phone1@2X.png */; };
		604319FB13C5451E0005089B /* RootViewBG.png in Resources */ = {isa = PBXBuildFile; fileRef = 604319FA13C5451E0005089B /* RootViewBG.png */; };
		6053C97313E27181008F80B6 /* Tab_Bar_Home.png in Resources */ = {isa = PBXBuildFile; fileRef = 6053C96F13E27181008F80B6 /* Tab_Bar_Home.png */; };
		6053C97413E27181008F80B6 /* Tab_Bar_Log.png in Resources */ = {isa = PBXBuildFile; fileRef = 6053C97013E27181008F80B6 /* Tab_Bar_Log.png */; };
		6053C97513E27181008F80B6 /* Tab_Bar_Settings.png in Resources */ = {isa = PBXBuildFile; fileRef = 6053C97113E27181008F80B6 /* Tab_Bar_Settings.png */; };
		6053C97613E27181008F80B6 /* Tab_Bar_Test.png in Resources */ = {isa = PBXBuildFile; fileRef = 6053C97213E27181008F80B6 /* Tab_Bar_Test.png */; };
		6053C97B13E2765C008F80B6 /* Tab_Bar_Settings@2X.png in Resources */ = {isa = PBXBuildFile; fileRef = 6053C97813E2765C008F80B6 /* Tab_Bar_Settings@2X.png */; };
		6053C97C13E2765C008F80B6 /* Tab_Bar_Test@2X.png in Resources */ = {isa = PBXBuildFile; fileRef = 6053C97913E2765C008F80B6 /* Tab_Bar_Test@2X.png */; };
		6053C97D13E2765C008F80B6 /* Test_Result@2X.png in Resources */ = {isa = PBXBuildFile; fileRef = 6053C97A13E2765C008F80B6 /* Test_Result@2X.png */; };
		6053C98113E27677008F80B6 /* Background1@2X.png in Resources */ = {isa = PBXBuildFile; fileRef = 6053C97E13E27677008F80B6 /* Background1@2X.png */; };
		6053C98213E27677008F80B6 /* Tab_Bar_Home@2X.png in Resources */ = {isa = PBXBuildFile; fileRef = 6053C97F13E27677008F80B6 /* Tab_Bar_Home@2X.png */; };
		6053C98313E27677008F80B6 /* Tab_Bar_Log@2X.png in Resources */ = {isa = PBXBuildFile; fileRef = 6053C98013E27677008F80B6 /* Tab_Bar_Log@2X.png */; };
		6053C98513E2768A008F80B6 /* Scale_And_Board@2X.png in Resources */ = {isa = PBXBuildFile; fileRef = 6053C98413E2768A008F80B6 /* Scale_And_Board@2X.png */; };
		6053C98813E278EF008F80B6 /* Step_Cell.png in Resources */ = {isa = PBXBuildFile; fileRef = 6053C98613E278EF008F80B6 /* Step_Cell.png */; };
		6053C98913E278EF008F80B6 /* Step_Cell@2X.png in Resources */ = {isa = PBXBuildFile; fileRef = 6053C98713E278EF008F80B6 /* Step_Cell@2X.png */; };
		606A1F2A13E6253800274216 /* mchp_mfi.m in Sources */ = {isa = PBXBuildFile; fileRef = 606A1F2713E6253800274216 /* mchp_mfi.m */; };
		606A1F2B13E6253800274216 /* protocolDemo1.m in Sources */ = {isa = PBXBuildFile; fileRef = 606A1F2913E6253800274216 /* protocolDemo1.m */; };
		606A1F3413E625A100274216 /* ExternalAccessory.framework in Frameworks */ = {isa = PBXBuildFile; fileRef = 606A1F3313E625A100274216 /* ExternalAccessory.framework */; };
		606A1F3613E7C66E00274216 /* EventKit.framework in Frameworks */ = {isa = PBXBuildFile; fileRef = 606A1F3513E7C66E00274216 /* EventKit.framework */; };
		6096641713CC114200157033 /* TestCell.xib in Resources */ = {isa = PBXBuildFile; fileRef = 6096641613CC114200157033 /* TestCell.xib */; };
		609710FF13F0E65600FFCD20 /* iTunesArtwork.png in Resources */ = {isa = PBXBuildFile; fileRef = 609710FE13F0E65600FFCD20 /* iTunesArtwork.png */; };
		60B1793A13DFE5630096F87C /* TestReading.m in Sources */ = {isa = PBXBuildFile; fileRef = 60B1793913DFE5630096F87C /* TestReading.m */; };
		60BB3E1113D04D4F00B57E46 /* LogViewController.m in Sources */ = {isa = PBXBuildFile; fileRef = 60BB3E0F13D04D4F00B57E46 /* LogViewController.m */; };
		60BB3E1213D04D4F00B57E46 /* LogViewController.xib in Resources */ = {isa = PBXBuildFile; fileRef = 60BB3E1013D04D4F00B57E46 /* LogViewController.xib */; };
		60BB3E1613D04E6800B57E46 /* SettingViewController.m in Sources */ = {isa = PBXBuildFile; fileRef = 60BB3E1413D04E6800B57E46 /* SettingViewController.m */; };
		60BB3E1713D04E6800B57E46 /* SettingViewController.xib in Resources */ = {isa = PBXBuildFile; fileRef = 60BB3E1513D04E6800B57E46 /* SettingViewController.xib */; };
		60BB3E1B13D1667F00B57E46 /* HomeViewController.m in Sources */ = {isa = PBXBuildFile; fileRef = 60BB3E1913D1667F00B57E46 /* HomeViewController.m */; };
		60BB3E1C13D1667F00B57E46 /* HomeViewController.xib in Resources */ = {isa = PBXBuildFile; fileRef = 60BB3E1A13D1667F00B57E46 /* HomeViewController.xib */; };
		60BB3E2013D16A7E00B57E46 /* TestSetupViewController.m in Sources */ = {isa = PBXBuildFile; fileRef = 60BB3E1E13D16A7E00B57E46 /* TestSetupViewController.m */; };
		60BB3E2113D16A7E00B57E46 /* TestSetupViewController.xib in Resources */ = {isa = PBXBuildFile; fileRef = 60BB3E1F13D16A7E00B57E46 /* TestSetupViewController.xib */; };
		60BB3E2513D2CA1200B57E46 /* TestResultViewController.m in Sources */ = {isa = PBXBuildFile; fileRef = 60BB3E2313D2CA1200B57E46 /* TestResultViewController.m */; };
		60BB3E2613D2CA1200B57E46 /* TestResultViewController.xib in Resources */ = {isa = PBXBuildFile; fileRef = 60BB3E2413D2CA1200B57E46 /* TestResultViewController.xib */; };
		60BB3E2813D2D3F800B57E46 /* Scale.png in Resources */ = {isa = PBXBuildFile; fileRef = 60BB3E2713D2D3F800B57E46 /* Scale.png */; };
		60EADEC813E3E4830086AB0B /* Log_Background_Pic.png in Resources */ = {isa = PBXBuildFile; fileRef = 60EADEC613E3E4830086AB0B /* Log_Background_Pic.png */; };
		60EADEC913E3E4830086AB0B /* Log_Background_Pic@2X.png in Resources */ = {isa = PBXBuildFile; fileRef = 60EADEC713E3E4830086AB0B /* Log_Background_Pic@2X.png */; };
		60F799B313E25EEB00F59C92 /* Background1.png in Resources */ = {isa = PBXBuildFile; fileRef = 60F799B213E25EEB00F59C92 /* Background1.png */; };
		60F799B613E2606A00F59C92 /* Scale_And_Board.png in Resources */ = {isa = PBXBuildFile; fileRef = 60F799B513E2606A00F59C92 /* Scale_And_Board.png */; };
		60F799B813E266A500F59C92 /* Home_Button.png in Resources */ = {isa = PBXBuildFile; fileRef = 60F799B713E266A500F59C92 /* Home_Button.png */; };
		60F799BA13E2684600F59C92 /* Test_Result.png in Resources */ = {isa = PBXBuildFile; fileRef = 60F799B913E2684600F59C92 /* Test_Result.png */; };
		60FF03F613E27B9300BB32EE /* Background.png in Resources */ = {isa = PBXBuildFile; fileRef = 60FF03F413E27B9300BB32EE /* Background.png */; };
		60FF03F713E27B9300BB32EE /* Background@2X.png in Resources */ = {isa = PBXBuildFile; fileRef = 60FF03F513E27B9300BB32EE /* Background@2X.png */; };
/* End PBXBuildFile section */

/* Begin PBXFileReference section */
		6010D42913E7DDF700851B9C /* icon.png */ = {isa = PBXFileReference; lastKnownFileType = image.png; path = icon.png; sourceTree = "<group>"; };
		6010D42A13E7DDF700851B9C /* icon@2x.png */ = {isa = PBXFileReference; lastKnownFileType = image.png; path = "icon@2x.png"; sourceTree = "<group>"; };
		601B22A713C22443006DCE6A /* Default.png */ = {isa = PBXFileReference; lastKnownFileType = image.png; path = Default.png; sourceTree = "<group>"; };
		6025B2BD13D80A3C0056A335 /* CoordinateSystem.h */ = {isa = PBXFileReference; fileEncoding = 4; lastKnownFileType = sourcecode.c.h; path = CoordinateSystem.h; sourceTree = "<group>"; };
		6025B2BE13D80A470056A335 /* CoordinateSystem.m */ = {isa = PBXFileReference; fileEncoding = 4; lastKnownFileType = sourcecode.c.objc; path = CoordinateSystem.m; sourceTree = "<group>"; };
		6025B2C013D80AEB0056A335 /* Constants.h */ = {isa = PBXFileReference; fileEncoding = 4; lastKnownFileType = sourcecode.c.h; path = Constants.h; sourceTree = "<group>"; };
		6029CDC213C193D40040B79B /* GlucoseMeter.app */ = {isa = PBXFileReference; explicitFileType = wrapper.application; includeInIndex = 0; path = GlucoseMeter.app; sourceTree = BUILT_PRODUCTS_DIR; };
		6029CDC613C193D40040B79B /* UIKit.framework */ = {isa = PBXFileReference; lastKnownFileType = wrapper.framework; name = UIKit.framework; path = System/Library/Frameworks/UIKit.framework; sourceTree = SDKROOT; };
		6029CDC813C193D40040B79B /* Foundation.framework */ = {isa = PBXFileReference; lastKnownFileType = wrapper.framework; name = Foundation.framework; path = System/Library/Frameworks/Foundation.framework; sourceTree = SDKROOT; };
		6029CDCA13C193D40040B79B /* CoreGraphics.framework */ = {isa = PBXFileReference; lastKnownFileType = wrapper.framework; name = CoreGraphics.framework; path = System/Library/Frameworks/CoreGraphics.framework; sourceTree = SDKROOT; };
		6029CDCE13C193D40040B79B /* GlucoseMeter-Info.plist */ = {isa = PBXFileReference; lastKnownFileType = text.plist.xml; path = "GlucoseMeter-Info.plist"; sourceTree = "<group>"; };
		6029CDD013C193D40040B79B /* en */ = {isa = PBXFileReference; lastKnownFileType = text.plist.strings; name = en; path = en.lproj/InfoPlist.strings; sourceTree = "<group>"; };
		6029CDD213C193D40040B79B /* main.m */ = {isa = PBXFileReference; lastKnownFileType = sourcecode.c.objc; path = main.m; sourceTree = "<group>"; };
		6029CDD413C193D40040B79B /* GlucoseMeter-Prefix.pch */ = {isa = PBXFileReference; lastKnownFileType = sourcecode.c.h; path = "GlucoseMeter-Prefix.pch"; sourceTree = "<group>"; };
		6029CDD513C193D40040B79B /* GlucoseMeterAppDelegate.h */ = {isa = PBXFileReference; lastKnownFileType = sourcecode.c.h; path = GlucoseMeterAppDelegate.h; sourceTree = "<group>"; };
		6029CDD613C193D50040B79B /* GlucoseMeterAppDelegate.m */ = {isa = PBXFileReference; lastKnownFileType = sourcecode.c.objc; path = GlucoseMeterAppDelegate.m; sourceTree = "<group>"; };
		6029CDD913C193D50040B79B /* en */ = {isa = PBXFileReference; lastKnownFileType = file.xib; name = en; path = en.lproj/MainWindow.xib; sourceTree = "<group>"; };
		6029FEFE13E27DE3004C7F2C /* Step_Button.png */ = {isa = PBXFileReference; lastKnownFileType = image.png; path = Step_Button.png; sourceTree = "<group>"; };
		6029FEFF13E27DE3004C7F2C /* Step_Button@2X.png */ = {isa = PBXFileReference; lastKnownFileType = image.png; path = "Step_Button@2X.png"; sourceTree = "<group>"; };
		6029FF0713E3CE4B004C7F2C /* Default@2X.png */ = {isa = PBXFileReference; lastKnownFileType = image.png; path = "Default@2X.png"; sourceTree = "<group>"; };
		6029FF0913E3D8FF004C7F2C /* Settings_ContactCell.png */ = {isa = PBXFileReference; lastKnownFileType = image.png; path = Settings_ContactCell.png; sourceTree = "<group>"; };
		6029FF0A13E3D8FF004C7F2C /* Settings_ContactCell@2X.png */ = {isa = PBXFileReference; lastKnownFileType = image.png; path = "Settings_ContactCell@2X.png"; sourceTree = "<group>"; };
		6029FF1113E3E01C004C7F2C /* Setting_Email1.png */ = {isa = PBXFileReference; lastKnownFileType = image.png; path = Setting_Email1.png; sourceTree = "<group>"; };
		6029FF1213E3E01C004C7F2C /* Setting_Email1@2X.png */ = {isa = PBXFileReference; lastKnownFileType = image.png; path = "Setting_Email1@2X.png"; sourceTree = "<group>"; };
		6029FF1313E3E01C004C7F2C /* Setting_phone1.png */ = {isa = PBXFileReference; lastKnownFileType = image.png; path = Setting_phone1.png; sourceTree = "<group>"; };
		6029FF1413E3E01C004C7F2C /* Setting_phone1@2X.png */ = {isa = PBXFileReference; lastKnownFileType = image.png; path = "Setting_phone1@2X.png"; sourceTree = "<group>"; };
		604319FA13C5451E0005089B /* RootViewBG.png */ = {isa = PBXFileReference; lastKnownFileType = image.png; path = RootViewBG.png; sourceTree = "<group>"; };
		6053C96F13E27181008F80B6 /* Tab_Bar_Home.png */ = {isa = PBXFileReference; lastKnownFileType = image.png; path = Tab_Bar_Home.png; sourceTree = "<group>"; };
		6053C97013E27181008F80B6 /* Tab_Bar_Log.png */ = {isa = PBXFileReference; lastKnownFileType = image.png; path = Tab_Bar_Log.png; sourceTree = "<group>"; };
		6053C97113E27181008F80B6 /* Tab_Bar_Settings.png */ = {isa = PBXFileReference; lastKnownFileType = image.png; path = Tab_Bar_Settings.png; sourceTree = "<group>"; };
		6053C97213E27181008F80B6 /* Tab_Bar_Test.png */ = {isa = PBXFileReference; lastKnownFileType = image.png; path = Tab_Bar_Test.png; sourceTree = "<group>"; };
		6053C97813E2765C008F80B6 /* Tab_Bar_Settings@2X.png */ = {isa = PBXFileReference; lastKnownFileType = image.png; path = "Tab_Bar_Settings@2X.png"; sourceTree = "<group>"; };
		6053C97913E2765C008F80B6 /* Tab_Bar_Test@2X.png */ = {isa = PBXFileReference; lastKnownFileType = image.png; path = "Tab_Bar_Test@2X.png"; sourceTree = "<group>"; };
		6053C97A13E2765C008F80B6 /* Test_Result@2X.png */ = {isa = PBXFileReference; lastKnownFileType = image.png; path = "Test_Result@2X.png"; sourceTree = "<group>"; };
		6053C97E13E27677008F80B6 /* Background1@2X.png */ = {isa = PBXFileReference; lastKnownFileType = image.png; path = "Background1@2X.png"; sourceTree = "<group>"; };
		6053C97F13E27677008F80B6 /* Tab_Bar_Home@2X.png */ = {isa = PBXFileReference; lastKnownFileType = image.png; path = "Tab_Bar_Home@2X.png"; sourceTree = "<group>"; };
		6053C98013E27677008F80B6 /* Tab_Bar_Log@2X.png */ = {isa = PBXFileReference; lastKnownFileType = image.png; path = "Tab_Bar_Log@2X.png"; sourceTree = "<group>"; };
		6053C98413E2768A008F80B6 /* Scale_And_Board@2X.png */ = {isa = PBXFileReference; lastKnownFileType = image.png; path = "Scale_And_Board@2X.png"; sourceTree = "<group>"; };
		6053C98613E278EF008F80B6 /* Step_Cell.png */ = {isa = PBXFileReference; lastKnownFileType = image.png; path = Step_Cell.png; sourceTree = "<group>"; };
		6053C98713E278EF008F80B6 /* Step_Cell@2X.png */ = {isa = PBXFileReference; lastKnownFileType = image.png; path = "Step_Cell@2X.png"; sourceTree = "<group>"; };
		606A1F2613E6253800274216 /* mchp_mfi.h */ = {isa = PBXFileReference; fileEncoding = 4; lastKnownFileType = sourcecode.c.h; path = mchp_mfi.h; sourceTree = "<group>"; };
		606A1F2713E6253800274216 /* mchp_mfi.m */ = {isa = PBXFileReference; fileEncoding = 4; lastKnownFileType = sourcecode.c.objc; path = mchp_mfi.m; sourceTree = "<group>"; };
		606A1F2813E6253800274216 /* protocolDemo1.h */ = {isa = PBXFileReference; fileEncoding = 4; lastKnownFileType = sourcecode.c.h; path = protocolDemo1.h; sourceTree = "<group>"; };
		606A1F2913E6253800274216 /* protocolDemo1.m */ = {isa = PBXFileReference; fileEncoding = 4; lastKnownFileType = sourcecode.c.objc; path = protocolDemo1.m; sourceTree = "<group>"; };
		606A1F3313E625A100274216 /* ExternalAccessory.framework */ = {isa = PBXFileReference; lastKnownFileType = wrapper.framework; name = ExternalAccessory.framework; path = System/Library/Frameworks/ExternalAccessory.framework; sourceTree = SDKROOT; };
		606A1F3513E7C66E00274216 /* EventKit.framework */ = {isa = PBXFileReference; lastKnownFileType = wrapper.framework; name = EventKit.framework; path = System/Library/Frameworks/EventKit.framework; sourceTree = SDKROOT; };
		6096641613CC114200157033 /* TestCell.xib */ = {isa = PBXFileReference; fileEncoding = 4; lastKnownFileType = file.xib; path = TestCell.xib; sourceTree = "<group>"; };
		609710FE13F0E65600FFCD20 /* iTunesArtwork.png */ = {isa = PBXFileReference; lastKnownFileType = image.png; path = iTunesArtwork.png; sourceTree = "<group>"; };
		60B1793813DFE5620096F87C /* TestReading.h */ = {isa = PBXFileReference; fileEncoding = 4; lastKnownFileType = sourcecode.c.h; path = TestReading.h; sourceTree = "<group>"; };
		60B1793913DFE5630096F87C /* TestReading.m */ = {isa = PBXFileReference; fileEncoding = 4; lastKnownFileType = sourcecode.c.objc; path = TestReading.m; sourceTree = "<group>"; };
		60BB3E0E13D04D4F00B57E46 /* LogViewController.h */ = {isa = PBXFileReference; fileEncoding = 4; lastKnownFileType = sourcecode.c.h; path = LogViewController.h; sourceTree = "<group>"; };
		60BB3E0F13D04D4F00B57E46 /* LogViewController.m */ = {isa = PBXFileReference; fileEncoding = 4; lastKnownFileType = sourcecode.c.objc; path = LogViewController.m; sourceTree = "<group>"; };
		60BB3E1013D04D4F00B57E46 /* LogViewController.xib */ = {isa = PBXFileReference; fileEncoding = 4; lastKnownFileType = file.xib; path = LogViewController.xib; sourceTree = "<group>"; };
		60BB3E1313D04E6700B57E46 /* SettingViewController.h */ = {isa = PBXFileReference; fileEncoding = 4; lastKnownFileType = sourcecode.c.h; path = SettingViewController.h; sourceTree = "<group>"; };
		60BB3E1413D04E6800B57E46 /* SettingViewController.m */ = {isa = PBXFileReference; fileEncoding = 4; lastKnownFileType = sourcecode.c.objc; path = SettingViewController.m; sourceTree = "<group>"; };
		60BB3E1513D04E6800B57E46 /* SettingViewController.xib */ = {isa = PBXFileReference; fileEncoding = 4; lastKnownFileType = file.xib; path = SettingViewController.xib; sourceTree = "<group>"; };
		60BB3E1813D1667E00B57E46 /* HomeViewController.h */ = {isa = PBXFileReference; fileEncoding = 4; lastKnownFileType = sourcecode.c.h; path = HomeViewController.h; sourceTree = "<group>"; };
		60BB3E1913D1667F00B57E46 /* HomeViewController.m */ = {isa = PBXFileReference; fileEncoding = 4; lastKnownFileType = sourcecode.c.objc; path = HomeViewController.m; sourceTree = "<group>"; };
		60BB3E1A13D1667F00B57E46 /* HomeViewController.xib */ = {isa = PBXFileReference; fileEncoding = 4; lastKnownFileType = file.xib; path = HomeViewController.xib; sourceTree = "<group>"; };
		60BB3E1D13D16A7D00B57E46 /* TestSetupViewController.h */ = {isa = PBXFileReference; fileEncoding = 4; lastKnownFileType = sourcecode.c.h; path = TestSetupViewController.h; sourceTree = "<group>"; };
		60BB3E1E13D16A7E00B57E46 /* TestSetupViewController.m */ = {isa = PBXFileReference; fileEncoding = 4; lastKnownFileType = sourcecode.c.objc; path = TestSetupViewController.m; sourceTree = "<group>"; };
		60BB3E1F13D16A7E00B57E46 /* TestSetupViewController.xib */ = {isa = PBXFileReference; fileEncoding = 4; lastKnownFileType = file.xib; path = TestSetupViewController.xib; sourceTree = "<group>"; };
		60BB3E2213D2CA1100B57E46 /* TestResultViewController.h */ = {isa = PBXFileReference; fileEncoding = 4; lastKnownFileType = sourcecode.c.h; path = TestResultViewController.h; sourceTree = "<group>"; };
		60BB3E2313D2CA1200B57E46 /* TestResultViewController.m */ = {isa = PBXFileReference; fileEncoding = 4; lastKnownFileType = sourcecode.c.objc; path = TestResultViewController.m; sourceTree = "<group>"; };
		60BB3E2413D2CA1200B57E46 /* TestResultViewController.xib */ = {isa = PBXFileReference; fileEncoding = 4; lastKnownFileType = file.xib; path = TestResultViewController.xib; sourceTree = "<group>"; };
		60BB3E2713D2D3F800B57E46 /* Scale.png */ = {isa = PBXFileReference; lastKnownFileType = image.png; path = Scale.png; sourceTree = "<group>"; };
		60EADEC613E3E4830086AB0B /* Log_Background_Pic.png */ = {isa = PBXFileReference; lastKnownFileType = image.png; path = Log_Background_Pic.png; sourceTree = "<group>"; };
		60EADEC713E3E4830086AB0B /* Log_Background_Pic@2X.png */ = {isa = PBXFileReference; lastKnownFileType = image.png; path = "Log_Background_Pic@2X.png"; sourceTree = "<group>"; };
		60F799B213E25EEB00F59C92 /* Background1.png */ = {isa = PBXFileReference; lastKnownFileType = image.png; path = Background1.png; sourceTree = "<group>"; };
		60F799B513E2606A00F59C92 /* Scale_And_Board.png */ = {isa = PBXFileReference; lastKnownFileType = image.png; path = Scale_And_Board.png; sourceTree = "<group>"; };
		60F799B713E266A500F59C92 /* Home_Button.png */ = {isa = PBXFileReference; lastKnownFileType = image.png; path = Home_Button.png; sourceTree = "<group>"; };
		60F799B913E2684600F59C92 /* Test_Result.png */ = {isa = PBXFileReference; lastKnownFileType = image.png; path = Test_Result.png; sourceTree = "<group>"; };
		60FF03F413E27B9300BB32EE /* Background.png */ = {isa = PBXFileReference; lastKnownFileType = image.png; path = Background.png; sourceTree = "<group>"; };
		60FF03F513E27B9300BB32EE /* Background@2X.png */ = {isa = PBXFileReference; lastKnownFileType = image.png; path = "Background@2X.png"; sourceTree = "<group>"; };
/* End PBXFileReference section */

/* Begin PBXFrameworksBuildPhase section */
		6029CDBF13C193D40040B79B /* Frameworks */ = {
			isa = PBXFrameworksBuildPhase;
			buildActionMask = 2147483647;
			files = (
				606A1F3613E7C66E00274216 /* EventKit.framework in Frameworks */,
				606A1F3413E625A100274216 /* ExternalAccessory.framework in Frameworks */,
				6029CDC713C193D40040B79B /* UIKit.framework in Frameworks */,
				6029CDC913C193D40040B79B /* Foundation.framework in Frameworks */,
				6029CDCB13C193D40040B79B /* CoreGraphics.framework in Frameworks */,
			);
			runOnlyForDeploymentPostprocessing = 0;
		};
/* End PBXFrameworksBuildPhase section */

/* Begin PBXGroup section */
		6029CDB713C193D40040B79B = {
			isa = PBXGroup;
			children = (
				606A1F3513E7C66E00274216 /* EventKit.framework */,
				606A1F3313E625A100274216 /* ExternalAccessory.framework */,
				6029CDCC13C193D40040B79B /* GlucoseMeter */,
				6029CDC513C193D40040B79B /* Frameworks */,
				6029CDC313C193D40040B79B /* Products */,
			);
			sourceTree = "<group>";
		};
		6029CDC313C193D40040B79B /* Products */ = {
			isa = PBXGroup;
			children = (
				6029CDC213C193D40040B79B /* GlucoseMeter.app */,
			);
			name = Products;
			sourceTree = "<group>";
		};
		6029CDC513C193D40040B79B /* Frameworks */ = {
			isa = PBXGroup;
			children = (
				6029CDC613C193D40040B79B /* UIKit.framework */,
				6029CDC813C193D40040B79B /* Foundation.framework */,
				6029CDCA13C193D40040B79B /* CoreGraphics.framework */,
			);
			name = Frameworks;
			sourceTree = "<group>";
		};
		6029CDCC13C193D40040B79B /* GlucoseMeter */ = {
			isa = PBXGroup;
			children = (
				6010D42913E7DDF700851B9C /* icon.png */,
				6010D42A13E7DDF700851B9C /* icon@2x.png */,
				606A1F2613E6253800274216 /* mchp_mfi.h */,
				606A1F2713E6253800274216 /* mchp_mfi.m */,
				606A1F2813E6253800274216 /* protocolDemo1.h */,
				606A1F2913E6253800274216 /* protocolDemo1.m */,
				6025B2C013D80AEB0056A335 /* Constants.h */,
				6025B2BE13D80A470056A335 /* CoordinateSystem.m */,
				6025B2BD13D80A3C0056A335 /* CoordinateSystem.h */,
				60BB3E0E13D04D4F00B57E46 /* LogViewController.h */,
				60BB3E0F13D04D4F00B57E46 /* LogViewController.m */,
				60BB3E1013D04D4F00B57E46 /* LogViewController.xib */,
				6029CDD513C193D40040B79B /* GlucoseMeterAppDelegate.h */,
				6029CDD613C193D50040B79B /* GlucoseMeterAppDelegate.m */,
				6029CDD813C193D50040B79B /* MainWindow.xib */,
				6029CDCD13C193D40040B79B /* Supporting Files */,
				6096641613CC114200157033 /* TestCell.xib */,
				60BB3E1313D04E6700B57E46 /* SettingViewController.h */,
				60BB3E1413D04E6800B57E46 /* SettingViewController.m */,
				60BB3E1513D04E6800B57E46 /* SettingViewController.xib */,
				60BB3E1813D1667E00B57E46 /* HomeViewController.h */,
				60BB3E1913D1667F00B57E46 /* HomeViewController.m */,
				60BB3E1A13D1667F00B57E46 /* HomeViewController.xib */,
				60BB3E1D13D16A7D00B57E46 /* TestSetupViewController.h */,
				60BB3E1E13D16A7E00B57E46 /* TestSetupViewController.m */,
				60BB3E1F13D16A7E00B57E46 /* TestSetupViewController.xib */,
				60BB3E2213D2CA1100B57E46 /* TestResultViewController.h */,
				60BB3E2313D2CA1200B57E46 /* TestResultViewController.m */,
				60BB3E2413D2CA1200B57E46 /* TestResultViewController.xib */,
				60B1793813DFE5620096F87C /* TestReading.h */,
				60B1793913DFE5630096F87C /* TestReading.m */,
			);
			path = GlucoseMeter;
			sourceTree = "<group>";
		};
		6029CDCD13C193D40040B79B /* Supporting Files */ = {
			isa = PBXGroup;
			children = (
				609710FE13F0E65600FFCD20 /* iTunesArtwork.png */,
				60EADEC613E3E4830086AB0B /* Log_Background_Pic.png */,
				60EADEC713E3E4830086AB0B /* Log_Background_Pic@2X.png */,
				6029FF1113E3E01C004C7F2C /* Setting_Email1.png */,
				6029FF1213E3E01C004C7F2C /* Setting_Email1@2X.png */,
				6029FF1313E3E01C004C7F2C /* Setting_phone1.png */,
				6029FF1413E3E01C004C7F2C /* Setting_phone1@2X.png */,
				6029FF0913E3D8FF004C7F2C /* Settings_ContactCell.png */,
				6029FF0A13E3D8FF004C7F2C /* Settings_ContactCell@2X.png */,
				6029FF0713E3CE4B004C7F2C /* Default@2X.png */,
				6029FEFE13E27DE3004C7F2C /* Step_Button.png */,
				6029FEFF13E27DE3004C7F2C /* Step_Button@2X.png */,
				60FF03F413E27B9300BB32EE /* Background.png */,
				60FF03F513E27B9300BB32EE /* Background@2X.png */,
				6053C98613E278EF008F80B6 /* Step_Cell.png */,
				6053C98713E278EF008F80B6 /* Step_Cell@2X.png */,
				6053C98413E2768A008F80B6 /* Scale_And_Board@2X.png */,
				6053C97E13E27677008F80B6 /* Background1@2X.png */,
				6053C97F13E27677008F80B6 /* Tab_Bar_Home@2X.png */,
				6053C98013E27677008F80B6 /* Tab_Bar_Log@2X.png */,
				6053C97813E2765C008F80B6 /* Tab_Bar_Settings@2X.png */,
				6053C97913E2765C008F80B6 /* Tab_Bar_Test@2X.png */,
				6053C97A13E2765C008F80B6 /* Test_Result@2X.png */,
				6053C96F13E27181008F80B6 /* Tab_Bar_Home.png */,
				6053C97013E27181008F80B6 /* Tab_Bar_Log.png */,
				6053C97113E27181008F80B6 /* Tab_Bar_Settings.png */,
				6053C97213E27181008F80B6 /* Tab_Bar_Test.png */,
				60F799B913E2684600F59C92 /* Test_Result.png */,
				60F799B713E266A500F59C92 /* Home_Button.png */,
				60F799B513E2606A00F59C92 /* Scale_And_Board.png */,
				60F799B213E25EEB00F59C92 /* Background1.png */,
				60BB3E2713D2D3F800B57E46 /* Scale.png */,
				604319FA13C5451E0005089B /* RootViewBG.png */,
				6029CDCE13C193D40040B79B /* GlucoseMeter-Info.plist */,
				601B22A713C22443006DCE6A /* Default.png */,
				6029CDCF13C193D40040B79B /* InfoPlist.strings */,
				6029CDD213C193D40040B79B /* main.m */,
				6029CDD413C193D40040B79B /* GlucoseMeter-Prefix.pch */,
			);
			name = "Supporting Files";
			sourceTree = "<group>";
		};
/* End PBXGroup section */

/* Begin PBXNativeTarget section */
		6029CDC113C193D40040B79B /* GlucoseMeter */ = {
			isa = PBXNativeTarget;
			buildConfigurationList = 6029CDDD13C193D50040B79B /* Build configuration list for PBXNativeTarget "GlucoseMeter" */;
			buildPhases = (
				6029CDBE13C193D40040B79B /* Sources */,
				6029CDBF13C193D40040B79B /* Frameworks */,
				6029CDC013C193D40040B79B /* Resources */,
			);
			buildRules = (
			);
			dependencies = (
			);
			name = GlucoseMeter;
			productName = GlucoseMeter;
			productReference = 6029CDC213C193D40040B79B /* GlucoseMeter.app */;
			productType = "com.apple.product-type.application";
		};
/* End PBXNativeTarget section */

/* Begin PBXProject section */
		6029CDB913C193D40040B79B /* Project object */ = {
			isa = PBXProject;
			buildConfigurationList = 6029CDBC13C193D40040B79B /* Build configuration list for PBXProject "GlucoseMeter" */;
			compatibilityVersion = "Xcode 3.2";
			developmentRegion = English;
			hasScannedForEncodings = 0;
			knownRegions = (
				en,
			);
			mainGroup = 6029CDB713C193D40040B79B;
			productRefGroup = 6029CDC313C193D40040B79B /* Products */;
			projectDirPath = "";
			projectRoot = "";
			targets = (
				6029CDC113C193D40040B79B /* GlucoseMeter */,
			);
		};
/* End PBXProject section */

/* Begin PBXResourcesBuildPhase section */
		6029CDC013C193D40040B79B /* Resources */ = {
			isa = PBXResourcesBuildPhase;
			buildActionMask = 2147483647;
			files = (
				6029CDD113C193D40040B79B /* InfoPlist.strings in Resources */,
				6029CDDA13C193D50040B79B /* MainWindow.xib in Resources */,
				601B22A813C22443006DCE6A /* Default.png in Resources */,
				604319FB13C5451E0005089B /* RootViewBG.png in Resources */,
				6096641713CC114200157033 /* TestCell.xib in Resources */,
				60BB3E1213D04D4F00B57E46 /* LogViewController.xib in Resources */,
				60BB3E1713D04E6800B57E46 /* SettingViewController.xib in Resources */,
				60BB3E1C13D1667F00B57E46 /* HomeViewController.xib in Resources */,
				60BB3E2113D16A7E00B57E46 /* TestSetupViewController.xib in Resources */,
				60BB3E2613D2CA1200B57E46 /* TestResultViewController.xib in Resources */,
				60BB3E2813D2D3F800B57E46 /* Scale.png in Resources */,
				60F799B313E25EEB00F59C92 /* Background1.png in Resources */,
				60F799B613E2606A00F59C92 /* Scale_And_Board.png in Resources */,
				60F799B813E266A500F59C92 /* Home_Button.png in Resources */,
				60F799BA13E2684600F59C92 /* Test_Result.png in Resources */,
				6053C97313E27181008F80B6 /* Tab_Bar_Home.png in Resources */,
				6053C97413E27181008F80B6 /* Tab_Bar_Log.png in Resources */,
				6053C97513E27181008F80B6 /* Tab_Bar_Settings.png in Resources */,
				6053C97613E27181008F80B6 /* Tab_Bar_Test.png in Resources */,
				6053C97B13E2765C008F80B6 /* Tab_Bar_Settings@2X.png in Resources */,
				6053C97C13E2765C008F80B6 /* Tab_Bar_Test@2X.png in Resources */,
				6053C97D13E2765C008F80B6 /* Test_Result@2X.png in Resources */,
				6053C98113E27677008F80B6 /* Background1@2X.png in Resources */,
				6053C98213E27677008F80B6 /* Tab_Bar_Home@2X.png in Resources */,
				6053C98313E27677008F80B6 /* Tab_Bar_Log@2X.png in Resources */,
				6053C98513E2768A008F80B6 /* Scale_And_Board@2X.png in Resources */,
				6053C98813E278EF008F80B6 /* Step_Cell.png in Resources */,
				6053C98913E278EF008F80B6 /* Step_Cell@2X.png in Resources */,
				60FF03F613E27B9300BB32EE /* Background.png in Resources */,
				60FF03F713E27B9300BB32EE /* Background@2X.png in Resources */,
				6029FF0013E27DE3004C7F2C /* Step_Button.png in Resources */,
				6029FF0113E27DE3004C7F2C /* Step_Button@2X.png in Resources */,
				6029FF0813E3CE4B004C7F2C /* Default@2X.png in Resources */,
				6029FF0B13E3D8FF004C7F2C /* Settings_ContactCell.png in Resources */,
				6029FF0C13E3D8FF004C7F2C /* Settings_ContactCell@2X.png in Resources */,
				6029FF1513E3E01C004C7F2C /* Setting_Email1.png in Resources */,
				6029FF1613E3E01C004C7F2C /* Setting_Email1@2X.png in Resources */,
				6029FF1713E3E01C004C7F2C /* Setting_phone1.png in Resources */,
				6029FF1813E3E01D004C7F2C /* Setting_phone1@2X.png in Resources */,
				60EADEC813E3E4830086AB0B /* Log_Background_Pic.png in Resources */,
				60EADEC913E3E4830086AB0B /* Log_Background_Pic@2X.png in Resources */,
				6010D42B13E7DDF700851B9C /* icon.png in Resources */,
				6010D42C13E7DDF700851B9C /* icon@2x.png in Resources */,
				609710FF13F0E65600FFCD20 /* iTunesArtwork.png in Resources */,
			);
			runOnlyForDeploymentPostprocessing = 0;
		};
/* End PBXResourcesBuildPhase section */

/* Begin PBXSourcesBuildPhase section */
		6029CDBE13C193D40040B79B /* Sources */ = {
			isa = PBXSourcesBuildPhase;
			buildActionMask = 2147483647;
			files = (
				6029CDD313C193D40040B79B /* main.m in Sources */,
				6029CDD713C193D50040B79B /* GlucoseMeterAppDelegate.m in Sources */,
				60BB3E1113D04D4F00B57E46 /* LogViewController.m in Sources */,
				60BB3E1613D04E6800B57E46 /* SettingViewController.m in Sources */,
				60BB3E1B13D1667F00B57E46 /* HomeViewController.m in Sources */,
				60BB3E2013D16A7E00B57E46 /* TestSetupViewController.m in Sources */,
				60BB3E2513D2CA1200B57E46 /* TestResultViewController.m in Sources */,
				6025B2BF13D80A470056A335 /* CoordinateSystem.m in Sources */,
				60B1793A13DFE5630096F87C /* TestReading.m in Sources */,
				606A1F2A13E6253800274216 /* mchp_mfi.m in Sources */,
				606A1F2B13E6253800274216 /* protocolDemo1.m in Sources */,
			);
			runOnlyForDeploymentPostprocessing = 0;
		};
/* End PBXSourcesBuildPhase section */

/* Begin PBXVariantGroup section */
		6029CDCF13C193D40040B79B /* InfoPlist.strings */ = {
			isa = PBXVariantGroup;
			children = (
				6029CDD013C193D40040B79B /* en */,
			);
			name = InfoPlist.strings;
			sourceTree = "<group>";
		};
		6029CDD813C193D50040B79B /* MainWindow.xib */ = {
			isa = PBXVariantGroup;
			children = (
				6029CDD913C193D50040B79B /* en */,
			);
			name = MainWindow.xib;
			sourceTree = "<group>";
		};
/* End PBXVariantGroup section */

/* Begin XCBuildConfiguration section */
		6029CDDB13C193D50040B79B /* Debug */ = {
			isa = XCBuildConfiguration;
			buildSettings = {
				ALWAYS_SEARCH_USER_PATHS = NO;
				ARCHS = "$(ARCHS_STANDARD_32_BIT)";
				"CODE_SIGN_IDENTITY[sdk=iphoneos*]" = "iPhone Developer";
				COPY_PHASE_STRIP = NO;
				GCC_C_LANGUAGE_STANDARD = gnu99;
				GCC_DYNAMIC_NO_PIC = NO;
				GCC_OPTIMIZATION_LEVEL = 0;
				GCC_PREPROCESSOR_DEFINITIONS = (
					"DEBUG=1",
					"$(inherited)",
				);
				GCC_SYMBOLS_PRIVATE_EXTERN = NO;
				GCC_VERSION = com.apple.compilers.llvmgcc42;
				GCC_WARN_ABOUT_MISSING_PROTOTYPES = YES;
				GCC_WARN_ABOUT_RETURN_TYPE = YES;
				GCC_WARN_UNUSED_VARIABLE = YES;
				IPHONEOS_DEPLOYMENT_TARGET = 4.3;
				SDKROOT = iphoneos;
			};
			name = Debug;
		};
		6029CDDC13C193D50040B79B /* Release */ = {
			isa = XCBuildConfiguration;
			buildSettings = {
				ALWAYS_SEARCH_USER_PATHS = NO;
				ARCHS = "$(ARCHS_STANDARD_32_BIT)";
				"CODE_SIGN_IDENTITY[sdk=iphoneos*]" = "iPhone Developer";
				COPY_PHASE_STRIP = YES;
				GCC_C_LANGUAGE_STANDARD = gnu99;
				GCC_VERSION = com.apple.compilers.llvmgcc42;
				GCC_WARN_ABOUT_MISSING_PROTOTYPES = YES;
				GCC_WARN_ABOUT_RETURN_TYPE = YES;
				GCC_WARN_UNUSED_VARIABLE = YES;
				IPHONEOS_DEPLOYMENT_TARGET = 4.3;
				OTHER_CFLAGS = "-DNS_BLOCK_ASSERTIONS=1";
				SDKROOT = iphoneos;
				VALIDATE_PRODUCT = YES;
			};
			name = Release;
		};
		6029CDDE13C193D50040B79B /* Debug */ = {
			isa = XCBuildConfiguration;
			buildSettings = {
				GCC_PRECOMPILE_PREFIX_HEADER = YES;
				GCC_PREFIX_HEADER = "GlucoseMeter/GlucoseMeter-Prefix.pch";
				INFOPLIST_FILE = "GlucoseMeter/GlucoseMeter-Info.plist";
				PRODUCT_NAME = "$(TARGET_NAME)";
				WRAPPER_EXTENSION = app;
			};
			name = Debug;
		};
		6029CDDF13C193D50040B79B /* Release */ = {
			isa = XCBuildConfiguration;
			buildSettings = {
				GCC_PRECOMPILE_PREFIX_HEADER = YES;
				GCC_PREFIX_HEADER = "GlucoseMeter/GlucoseMeter-Prefix.pch";
				INFOPLIST_FILE = "GlucoseMeter/GlucoseMeter-Info.plist";
				PRODUCT_NAME = "$(TARGET_NAME)";
				WRAPPER_EXTENSION = app;
			};
			name = Release;
		};
/* End XCBuildConfiguration section */

/* Begin XCConfigurationList section */
		6029CDBC13C193D40040B79B /* Build configuration list for PBXProject "GlucoseMeter" */ = {
			isa = XCConfigurationList;
			buildConfigurations = (
				6029CDDB13C193D50040B79B /* Debug */,
				6029CDDC13C193D50040B79B /* Release */,
			);
			defaultConfigurationIsVisible = 0;
			defaultConfigurationName = Release;
		};
		6029CDDD13C193D50040B79B /* Build configuration list for PBXNativeTarget "GlucoseMeter" */ = {
			isa = XCConfigurationList;
			buildConfigurations = (
				6029CDDE13C193D50040B79B /* Debug */,
				6029CDDF13C193D50040B79B /* Release */,
			);
			defaultConfigurationIsVisible = 0;
			defaultConfigurationName = Release;
		};
/* End XCConfigurationList section */
	};
	rootObject = 6029CDB913C193D40040B79B /* Project object */;
}
